<?xml version="1.0" encoding="utf-8"?>
<Project ToolsVersion="4.0" xmlns="http://schemas.microsoft.com/developer/msbuild/2003">
  <ItemGroup>
    <Filter Include="Source Files">
      <UniqueIdentifier>{4FC737F1-C7A5-4376-A066-2A32D752A2FF}</UniqueIdentifier>
      <Extensions>cpp;c;cc;cxx;def;odl;idl;hpj;bat;asm;asmx</Extensions>
    </Filter>
    <Filter Include="Header Files">
      <UniqueIdentifier>{93995380-89BD-4b04-88EB-625FBE52EBFB}</UniqueIdentifier>
      <Extensions>h;hh;hpp;hxx;hm;inl;inc;xsd</Extensions>
    </Filter>
    <Filter Include="Resource Files">
      <UniqueIdentifier>{67DA6AB6-F800-4c08-8B7A-83BB121AAD01}</UniqueIdentifier>
      <Extensions>rc;ico;cur;bmp;dlg;rc2;rct;bin;rgs;gif;jpg;jpeg;jpe;resx;tiff;tif;png;wav;mfcribbon-ms</Extensions>
    </Filter>
  </ItemGroup>
  <ItemGroup>
    <ClCompile Include="src\curses\pdcurses\addch.c">
      <Filter>Source Files</Filter>
    </ClCompile>
    <ClCompile Include="src\curses\pdcurses\addchstr.c">
      <Filter>Source Files</Filter>
    </ClCompile>
    <ClCompile Include="src\curses\pdcurses\addstr.c">
      <Filter>Source Files</Filter>
    </ClCompile>
    <ClCompile Include="src\curses\pdcurses\attr.c">
      <Filter>Source Files</Filter>
    </ClCompile>
    <ClCompile Include="src\curses\pdcurses\beep.c">
      <Filter>Source Files</Filter>
    </ClCompile>
    <ClCompile Include="src\curses\pdcurses\bkgd.c">
      <Filter>Source Files</Filter>
    </ClCompile>
    <ClCompile Include="src\curses\pdcurses\border.c">
      <Filter>Source Files</Filter>
    </ClCompile>
    <ClCompile Include="src\curses\pdcurses\clear.c">
      <Filter>Source Files</Filter>
    </ClCompile>
    <ClCompile Include="src\curses\pdcurses\debug.c">
      <Filter>Source Files</Filter>
    </ClCompile>
    <ClCompile Include="src\curses\pdcurses\delch.c">
      <Filter>Source Files</Filter>
    </ClCompile>
    <ClCompile Include="src\curses\pdcurses\deleteln.c">
      <Filter>Source Files</Filter>
    </ClCompile>
    <ClCompile Include="src\curses\pdcurses\deprec.c">
      <Filter>Source Files</Filter>
    </ClCompile>
    <ClCompile Include="src\curses\pdcurses\getch.c">
      <Filter>Source Files</Filter>
    </ClCompile>
    <ClCompile Include="src\curses\pdcurses\getstr.c">
      <Filter>Source Files</Filter>
    </ClCompile>
    <ClCompile Include="src\curses\pdcurses\getyx.c">
      <Filter>Source Files</Filter>
    </ClCompile>
    <ClCompile Include="src\curses\pdcurses\inch.c">
      <Filter>Source Files</Filter>
    </ClCompile>
    <ClCompile Include="src\curses\pdcurses\inchstr.c">
      <Filter>Source Files</Filter>
    </ClCompile>
    <ClCompile Include="src\curses\pdcurses\initscr.c">
      <Filter>Source Files</Filter>
    </ClCompile>
    <ClCompile Include="src\curses\pdcurses\inopts.c">
      <Filter>Source Files</Filter>
    </ClCompile>
    <ClCompile Include="src\curses\pdcurses\insch.c">
      <Filter>Source Files</Filter>
    </ClCompile>
    <ClCompile Include="src\curses\pdcurses\insstr.c">
      <Filter>Source Files</Filter>
    </ClCompile>
    <ClCompile Include="src\curses\pdcurses\instr.c">
      <Filter>Source Files</Filter>
    </ClCompile>
    <ClCompile Include="src\curses\pdcurses\kernel.c">
      <Filter>Source Files</Filter>
    </ClCompile>
    <ClCompile Include="src\curses\pdcurses\keyname.c">
      <Filter>Source Files</Filter>
    </ClCompile>
    <ClCompile Include="src\curses\pdcurses\mouse.c">
      <Filter>Source Files</Filter>
    </ClCompile>
    <ClCompile Include="src\curses\pdcurses\move.c">
      <Filter>Source Files</Filter>
    </ClCompile>
    <ClCompile Include="src\curses\pdcurses\outopts.c">
      <Filter>Source Files</Filter>
    </ClCompile>
    <ClCompile Include="src\curses\pdcurses\overlay.c">
      <Filter>Source Files</Filter>
    </ClCompile>
    <ClCompile Include="src\curses\pdcurses\pad.c">
      <Filter>Source Files</Filter>
    </ClCompile>
    <ClCompile Include="src\curses\pdcurses\panel.c">
      <Filter>Source Files</Filter>
    </ClCompile>
    <ClCompile Include="src\curses\pdcurses\printw.c">
      <Filter>Source Files</Filter>
    </ClCompile>
    <ClCompile Include="src\curses\pdcurses\refresh.c">
      <Filter>Source Files</Filter>
    </ClCompile>
    <ClCompile Include="src\curses\pdcurses\scanw.c">
      <Filter>Source Files</Filter>
    </ClCompile>
    <ClCompile Include="src\curses\pdcurses\scr_dump.c">
      <Filter>Source Files</Filter>
    </ClCompile>
    <ClCompile Include="src\curses\pdcurses\scroll.c">
      <Filter>Source Files</Filter>
    </ClCompile>
    <ClCompile Include="src\curses\pdcurses\slk.c">
      <Filter>Source Files</Filter>
    </ClCompile>
    <ClCompile Include="src\curses\pdcurses\termattr.c">
      <Filter>Source Files</Filter>
    </ClCompile>
    <ClCompile Include="src\curses\pdcurses\terminfo.c">
      <Filter>Source Files</Filter>
    </ClCompile>
    <ClCompile Include="src\curses\pdcurses\touch.c">
      <Filter>Source Files</Filter>
    </ClCompile>
    <ClCompile Include="src\curses\pdcurses\util.c">
      <Filter>Source Files</Filter>
    </ClCompile>
    <ClCompile Include="src\curses\win32\pdcclip.c">
      <Filter>Source Files</Filter>
    </ClCompile>
    <ClCompile Include="src\curses\win32\pdcdisp.c">
      <Filter>Source Files</Filter>
    </ClCompile>
    <ClCompile Include="src\curses\win32\pdcgetsc.c">
      <Filter>Source Files</Filter>
    </ClCompile>
    <ClCompile Include="src\curses\win32\pdckbd.c">
      <Filter>Source Files</Filter>
    </ClCompile>
    <ClCompile Include="src\curses\win32\pdcscrn.c">
      <Filter>Source Files</Filter>
    </ClCompile>
    <ClCompile Include="src\curses\win32\pdcsetsc.c">
      <Filter>Source Files</Filter>
    </ClCompile>
    <ClCompile Include="src\curses\win32\pdcutil.c">
      <Filter>Source Files</Filter>
    </ClCompile>
    <ClCompile Include="src\curses\pdcurses\cwindow.c">
      <Filter>Source Files</Filter>
    </ClCompile>
    <ClCompile Include="src\curses\pdcurses\ccolor.c">
      <Filter>Source Files</Filter>
    </ClCompile>
    <ClCompile Include="src\glibrary\graphics\color.cpp">
      <Filter>Source Files</Filter>
    </ClCompile>
    <ClCompile Include="src\glibrary\graphics\draw.cpp">
      <Filter>Source Files</Filter>
    </ClCompile>
    <ClCompile Include="src\glibrary\system\system.cpp">
      <Filter>Source Files</Filter>
    </ClCompile>
    <ClCompile Include="src\glibrary\console\io.cpp">
      <Filter>Source Files</Filter>
    </ClCompile>
    <ClCompile Include="src\glibrary\maths\geometry.cpp">
      <Filter>Source Files</Filter>
    </ClCompile>
    <ClCompile Include="src\glibrary\maths\vector2.cpp">
      <Filter>Source Files</Filter>
    </ClCompile>
    <ClCompile Include="src\glibrary\engine\engine.cpp">
      <Filter>Source Files</Filter>
    </ClCompile>
    <ClCompile Include="src\glibrary\console\log.cpp">
      <Filter>Source Files</Filter>
    </ClCompile>
    <ClCompile Include="src\glibrary\audio\playlist.cpp">
      <Filter>Source Files</Filter>
    </ClCompile>
    <ClCompile Include="src\glibrary\audio\soundmanager.cpp">
      <Filter>Source Files</Filter>
    </ClCompile>
    <ClCompile Include="src\glibrary\audio\sound.cpp">
      <Filter>Source Files</Filter>
    </ClCompile>
    <ClCompile Include="src\glibrary\console\message.cpp">
      <Filter>Source Files</Filter>
    </ClCompile>
  </ItemGroup>
  <ItemGroup>
    <ClInclude Include="src\curses\term.h">
      <Filter>Header Files</Filter>
    </ClInclude>
    <ClInclude Include="src\curses\curses.h">
      <Filter>Header Files</Filter>
    </ClInclude>
    <ClInclude Include="src\curses\curspriv.h">
      <Filter>Header Files</Filter>
    </ClInclude>
    <ClInclude Include="src\curses\panel.h">
      <Filter>Header Files</Filter>
    </ClInclude>
    <ClInclude Include="src\curses\win32\pdcwin.h">
      <Filter>Header Files</Filter>
    </ClInclude>
    <ClInclude Include="src\glibrary\HeaderTemplate.h">
      <Filter>Header Files</Filter>
    </ClInclude>
    <ClInclude Include="src\glibrary\console\io.h">
      <Filter>Header Files</Filter>
    </ClInclude>
    <ClInclude Include="src\glibrary\maths\geometry.h">
      <Filter>Header Files</Filter>
    </ClInclude>
    <ClInclude Include="src\glibrary\maths\vector2.h">
      <Filter>Header Files</Filter>
    </ClInclude>
    <ClInclude Include="src\glibrary\graphics\color.h">
      <Filter>Header Files</Filter>
    </ClInclude>
    <ClInclude Include="src\glibrary\graphics\draw.h">
      <Filter>Header Files</Filter>
    </ClInclude>
    <ClInclude Include="src\glibrary\maths\constants.h">
      <Filter>Header Files</Filter>
    </ClInclude>
    <ClInclude Include="src\glibrary\system\system.h">
      <Filter>Header Files</Filter>
    </ClInclude>
    <ClInclude Include="src\glibrary\utils\timer.h">
      <Filter>Header Files</Filter>
    </ClInclude>
    <ClInclude Include="src\glibrary\engine\engine.h">
      <Filter>Header Files</Filter>
    </ClInclude>
    <ClInclude Include="src\glibrary\console\log.h">
      <Filter>Header Files</Filter>
    </ClInclude>
    <ClInclude Include="src\glibrary\audio\playlist.h">
      <Filter>Header Files</Filter>
    </ClInclude>
    <ClInclude Include="src\glibrary\audio\soundmanager.h">
      <Filter>Header Files</Filter>
    </ClInclude>
    <ClInclude Include="src\glibrary\audio\sound.h">
      <Filter>Header Files</Filter>
    </ClInclude>
    <ClInclude Include="src\glibrary\console\message.h">
      <Filter>Header Files</Filter>
    </ClInclude>
    <ClInclude Include="src\glibrary\utils\utils.h">
      <Filter>Header Files</Filter>
    </ClInclude>
  </ItemGroup>
  <ItemGroup>
    <None Include="src\curses\win32\bccwin32.mak" />
    <None Include="src\curses\win32\dmcwin32.mak" />
    <None Include="src\curses\win32\gccwin32.mak" />
    <None Include="src\curses\win32\lccwin32.mak" />
    <None Include="src\curses\win32\mingwin32.mak" />
    <None Include="src\curses\win32\README" />
    <None Include="src\curses\win32\vcwin32.mak" />
    <None Include="src\curses\win32\wccwin32.mak" />
  </ItemGroup>
  <ItemGroup>
    <Image Include="src\curses\win32\pdcurses.ico">
      <Filter>Resource Files</Filter>
    </Image>
  </ItemGroup>
  <ItemGroup>
    <ResourceCompile Include="src\curses\win32\pdcurses.rc">
      <Filter>Resource Files</Filter>
    </ResourceCompile>
  </ItemGroup>
</Project>